{
  "name": "react-animated-sprite-js",
  "version": "1.0.0",
  "lockfileVersion": 3,
  "requires": true,
  "packages": {
    "": {
      "name": "react-animated-sprite-js",
      "version": "1.0.0",
      "license": "ISC",
      "dependencies": {
        "use-interval-js": "^1.0.0"
      }
    },
    "node_modules/use-interval-js": {
      "version": "1.0.0",
      "license": "ISC"
    }
  }
}
